
Microsoft Visual Studio Solution File, Format Version 12.00
# Visual Studio Version 17
VisualStudioVersion = 17.9.34723.18
MinimumVisualStudioVersion = 10.0.40219.1
Project("{FAE04EC0-301F-11D3-BF4B-00C04F79EFBC}") = "Algorithm&DataStruc", "Algorithm&DataStruc\Algorithm&DataStruc.csproj", "{9641564B-9C5F-4765-B08A-64C2EF0D64FF}"
EndProject
Project("{FAE04EC0-301F-11D3-BF4B-00C04F79EFBC}") = "CustomArryClass", "CustomArryClass\CustomArryClass.csproj", "{C1FBF3B9-3FBA-4633-99B2-4304A727A8FE}"
EndProject
Project("{FAE04EC0-301F-11D3-BF4B-00C04F79EFBC}") = "BinarySearch", "BinarySearch\BinarySearch.csproj", "{B8E3B1DA-B837-47B2-A1BB-C92D928E0465}"
EndProject
Global
	GlobalSection(SolutionConfigurationPlatforms) = preSolution
		Debug|Any CPU = Debug|Any CPU
		Release|Any CPU = Release|Any CPU
	EndGlobalSection
	GlobalSection(ProjectConfigurationPlatforms) = postSolution
		{9641564B-9C5F-4765-B08A-64C2EF0D64FF}.Debug|Any CPU.ActiveCfg = Debug|Any CPU
		{9641564B-9C5F-4765-B08A-64C2EF0D64FF}.Debug|Any CPU.Build.0 = Debug|Any CPU
		{9641564B-9C5F-4765-B08A-64C2EF0D64FF}.Release|Any CPU.ActiveCfg = Release|Any CPU
		{9641564B-9C5F-4765-B08A-64C2EF0D64FF}.Release|Any CPU.Build.0 = Release|Any CPU
		{C1FBF3B9-3FBA-4633-99B2-4304A727A8FE}.Debug|Any CPU.ActiveCfg = Debug|Any CPU
		{C1FBF3B9-3FBA-4633-99B2-4304A727A8FE}.Debug|Any CPU.Build.0 = Debug|Any CPU
		{C1FBF3B9-3FBA-4633-99B2-4304A727A8FE}.Release|Any CPU.ActiveCfg = Release|Any CPU
		{C1FBF3B9-3FBA-4633-99B2-4304A727A8FE}.Release|Any CPU.Build.0 = Release|Any CPU
		{B8E3B1DA-B837-47B2-A1BB-C92D928E0465}.Debug|Any CPU.ActiveCfg = Debug|Any CPU
		{B8E3B1DA-B837-47B2-A1BB-C92D928E0465}.Debug|Any CPU.Build.0 = Debug|Any CPU
		{B8E3B1DA-B837-47B2-A1BB-C92D928E0465}.Release|Any CPU.ActiveCfg = Release|Any CPU
		{B8E3B1DA-B837-47B2-A1BB-C92D928E0465}.Release|Any CPU.Build.0 = Release|Any CPU
	EndGlobalSection
	GlobalSection(SolutionProperties) = preSolution
		HideSolutionNode = FALSE
	EndGlobalSection
	GlobalSection(ExtensibilityGlobals) = postSolution
		SolutionGuid = {D73D611A-CBFB-456A-8FD4-9FAAE94A0C78}
	EndGlobalSection
EndGlobal
